// !$*UTF8*$!
{
	archiveVersion = 1;
	classes = {
	};
	objectVersion = 46;
	objects = {

/* Begin PBXBuildFile section */
		FAF8E3CF1B9EE1D100F1FCDB /* main.m in Sources */ = {isa = PBXBuildFile; fileRef = FAF8E3CE1B9EE1D100F1FCDB /* main.m */; };
		FAF8E3D21B9EE1D100F1FCDB /* AppDelegate.m in Sources */ = {isa = PBXBuildFile; fileRef = FAF8E3D11B9EE1D100F1FCDB /* AppDelegate.m */; };
		FAF8E3D51B9EE1D100F1FCDB /* ViewController.m in Sources */ = {isa = PBXBuildFile; fileRef = FAF8E3D41B9EE1D100F1FCDB /* ViewController.m */; };
		FAF8E3D81B9EE1D100F1FCDB /* Main.storyboard in Resources */ = {isa = PBXBuildFile; fileRef = FAF8E3D61B9EE1D100F1FCDB /* Main.storyboard */; };
		FAF8E3DA1B9EE1D100F1FCDB /* Images.xcassets in Resources */ = {isa = PBXBuildFile; fileRef = FAF8E3D91B9EE1D100F1FCDB /* Images.xcassets */; };
		FAF8E3DD1B9EE1D100F1FCDB /* LaunchScreen.xib in Resources */ = {isa = PBXBuildFile; fileRef = FAF8E3DB1B9EE1D100F1FCDB /* LaunchScreen.xib */; };
		FAF8E3E91B9EE1D100F1FCDB /* GameOfThronesAppTests.m in Sources */ = {isa = PBXBuildFile; fileRef = FAF8E3E81B9EE1D100F1FCDB /* GameOfThronesAppTests.m */; };
/* End PBXBuildFile section */

/* Begin PBXContainerItemProxy section */
		FAF8E3E31B9EE1D100F1FCDB /* PBXContainerItemProxy */ = {
			isa = PBXContainerItemProxy;
			containerPortal = FAF8E3C11B9EE1D100F1FCDB /* Project object */;
			proxyType = 1;
			remoteGlobalIDString = FAF8E3C81B9EE1D100F1FCDB;
			remoteInfo = GameOfThronesApp;
		};
/* End PBXContainerItemProxy section */

/* Begin PBXFileReference section */
		FAF8E3C91B9EE1D100F1FCDB /* GameOfThronesApp.app */ = {isa = PBXFileReference; explicitFileType = wrapper.application; includeInIndex = 0; path = GameOfThronesApp.app; sourceTree = BUILT_PRODUCTS_DIR; };
		FAF8E3CD1B9EE1D100F1FCDB /* Info.plist */ = {isa = PBXFileReference; lastKnownFileType = text.plist.xml; path = Info.plist; sourceTree = "<group>"; };
		FAF8E3CE1B9EE1D100F1FCDB /* main.m */ = {isa = PBXFileReference; lastKnownFileType = sourcecode.c.objc; path = main.m; sourceTree = "<group>"; };
		FAF8E3D01B9EE1D100F1FCDB /* AppDelegate.h */ = {isa = PBXFileReference; lastKnownFileType = sourcecode.c.h; path = AppDelegate.h; sourceTree = "<group>"; };
		FAF8E3D11B9EE1D100F1FCDB /* AppDelegate.m */ = {isa = PBXFileReference; lastKnownFileType = sourcecode.c.objc; path = AppDelegate.m; sourceTree = "<group>"; };
		FAF8E3D31B9EE1D100F1FCDB /* ViewController.h */ = {isa = PBXFileReference; lastKnownFileType = sourcecode.c.h; path = ViewController.h; sourceTree = "<group>"; };
		FAF8E3D41B9EE1D100F1FCDB /* ViewController.m */ = {isa = PBXFileReference; lastKnownFileType = sourcecode.c.objc; path = ViewController.m; sourceTree = "<group>"; };
		FAF8E3D71B9EE1D100F1FCDB /* Base */ = {isa = PBXFileReference; lastKnownFileType = file.storyboard; name = Base; path = Base.lproj/Main.storyboard; sourceTree = "<group>"; };
		FAF8E3D91B9EE1D100F1FCDB /* Images.xcassets */ = {isa = PBXFileReference; lastKnownFileType = folder.assetcatalog; path = Images.xcassets; sourceTree = "<group>"; };
		FAF8E3DC1B9EE1D100F1FCDB /* Base */ = {isa = PBXFileReference; lastKnownFileType = file.xib; name = Base; path = Base.lproj/LaunchScreen.xib; sourceTree = "<group>"; };
		FAF8E3E21B9EE1D100F1FCDB /* GameOfThronesAppTests.xctest */ = {isa = PBXFileReference; explicitFileType = wrapper.cfbundle; includeInIndex = 0; path = GameOfThronesAppTests.xctest; sourceTree = BUILT_PRODUCTS_DIR; };
		FAF8E3E71B9EE1D100F1FCDB /* Info.plist */ = {isa = PBXFileReference; lastKnownFileType = text.plist.xml; path = Info.plist; sourceTree = "<group>"; };
		FAF8E3E81B9EE1D100F1FCDB /* GameOfThronesAppTests.m */ = {isa = PBXFileReference; lastKnownFileType = sourcecode.c.objc; path = GameOfThronesAppTests.m; sourceTree = "<group>"; };
/* End PBXFileReference section */

/* Begin PBXFrameworksBuildPhase section */
		FAF8E3C61B9EE1D100F1FCDB /* Frameworks */ = {
			isa = PBXFrameworksBuildPhase;
			buildActionMask = 2147483647;
			files = (
			);
			runOnlyForDeploymentPostprocessing = 0;
		};
		FAF8E3DF1B9EE1D100F1FCDB /* Frameworks */ = {
			isa = PBXFrameworksBuildPhase;
			buildActionMask = 2147483647;
			files = (
			);
			runOnlyForDeploymentPostprocessing = 0;
		};
/* End PBXFrameworksBuildPhase section */

/* Begin PBXGroup section */
		FAF8E3C01B9EE1D100F1FCDB = {
			isa = PBXGroup;
			children = (
				FAF8E3CB1B9EE1D100F1FCDB /* GameOfThronesApp */,
				FAF8E3E51B9EE1D100F1FCDB /* GameOfThronesAppTests */,
				FAF8E3CA1B9EE1D100F1FCDB /* Products */,
			);
			sourceTree = "<group>";
		};
		FAF8E3CA1B9EE1D100F1FCDB /* Products */ = {
			isa = PBXGroup;
			children = (
				FAF8E3C91B9EE1D100F1FCDB /* GameOfThronesApp.app */,
				FAF8E3E21B9EE1D100F1FCDB /* GameOfThronesAppTests.xctest */,
			);
			name = Products;
			sourceTree = "<group>";
		};
		FAF8E3CB1B9EE1D100F1FCDB /* GameOfThronesApp */ = {
			isa = PBXGroup;
			children = (
				FAF8E3D01B9EE1D100F1FCDB /* AppDelegate.h */,
				FAF8E3D11B9EE1D100F1FCDB /* AppDelegate.m */,
				FAF8E3D31B9EE1D100F1FCDB /* ViewController.h */,
				FAF8E3D41B9EE1D100F1FCDB /* ViewController.m */,
				FAF8E3D61B9EE1D100F1FCDB /* Main.storyboard */,
				FAF8E3D91B9EE1D100F1FCDB /* Images.xcassets */,
				FAF8E3DB1B9EE1D100F1FCDB /* LaunchScreen.xib */,
				FAF8E3CC1B9EE1D100F1FCDB /* Supporting Files */,
			);
			path = GameOfThronesApp;
			sourceTree = "<group>";
		};
		FAF8E3CC1B9EE1D100F1FCDB /* Supporting Files */ = {
			isa = PBXGroup;
			children = (
				FAF8E3CD1B9EE1D100F1FCDB /* Info.plist */,
				FAF8E3CE1B9EE1D100F1FCDB /* main.m */,
			);
			name = "Supporting Files";
			sourceTree = "<group>";
		};
		FAF8E3E51B9EE1D100F1FCDB /* GameOfThronesAppTests */ = {
			isa = PBXGroup;
			children = (
				FAF8E3E81B9EE1D100F1FCDB /* GameOfThronesAppTests.m */,
				FAF8E3E61B9EE1D100F1FCDB /* Supporting Files */,
			);
			path = GameOfThronesAppTests;
			sourceTree = "<group>";
		};
		FAF8E3E61B9EE1D100F1FCDB /* Supporting Files */ = {
			isa = PBXGroup;
			children = (
				FAF8E3E71B9EE1D100F1FCDB /* Info.plist */,
			);
			name = "Supporting Files";
			sourceTree = "<group>";
		};
/* End PBXGroup section */

/* Begin PBXNativeTarget section */
		FAF8E3C81B9EE1D100F1FCDB /* GameOfThronesApp */ = {
			isa = PBXNativeTarget;
			buildConfigurationList = FAF8E3EC1B9EE1D100F1FCDB /* Build configuration list for PBXNativeTarget "GameOfThronesApp" */;
			buildPhases = (
				FAF8E3C51B9EE1D100F1FCDB /* Sources */,
				FAF8E3C61B9EE1D100F1FCDB /* Frameworks */,
				FAF8E3C71B9EE1D100F1FCDB /* Resources */,
			);
			buildRules = (
			);
			dependencies = (
			);
			name = GameOfThronesApp;
			productName = GameOfThronesApp;
			productReference = FAF8E3C91B9EE1D100F1FCDB /* GameOfThronesApp.app */;
			productType = "com.apple.product-type.application";
		};
		FAF8E3E11B9EE1D100F1FCDB /* GameOfThronesAppTests */ = {
			isa = PBXNativeTarget;
			buildConfigurationList = FAF8E3EF1B9EE1D100F1FCDB /* Build configuration list for PBXNativeTarget "GameOfThronesAppTests" */;
			buildPhases = (
				FAF8E3DE1B9EE1D100F1FCDB /* Sources */,
				FAF8E3DF1B9EE1D100F1FCDB /* Frameworks */,
				FAF8E3E01B9EE1D100F1FCDB /* Resources */,
			);
			buildRules = (
			);
			dependencies = (
				FAF8E3E41B9EE1D100F1FCDB /* PBXTargetDependency */,
			);
			name = GameOfThronesAppTests;
			productName = GameOfThronesAppTests;
			productReference = FAF8E3E21B9EE1D100F1FCDB /* GameOfThronesAppTests.xctest */;
			productType = "com.apple.product-type.bundle.unit-test";
		};
/* End PBXNativeTarget section */

/* Begin PBXProject section */
		FAF8E3C11B9EE1D100F1FCDB /* Project object */ = {
			isa = PBXProject;
			attributes = {
				LastUpgradeCheck = 0640;
				ORGANIZATIONNAME = "Amadeusz Polak";
				TargetAttributes = {
					FAF8E3C81B9EE1D100F1FCDB = {
						CreatedOnToolsVersion = 6.4;
					};
					FAF8E3E11B9EE1D100F1FCDB = {
						CreatedOnToolsVersion = 6.4;
						TestTargetID = FAF8E3C81B9EE1D100F1FCDB;
					};
				};
			};
			buildConfigurationList = FAF8E3C41B9EE1D100F1FCDB /* Build configuration list for PBXProject "GameOfThronesApp" */;
			compatibilityVersion = "Xcode 3.2";
			developmentRegion = English;
			hasScannedForEncodings = 0;
			knownRegions = (
				en,
				Base,
			);
			mainGroup = FAF8E3C01B9EE1D100F1FCDB;
			productRefGroup = FAF8E3CA1B9EE1D100F1FCDB /* Products */;
			projectDirPath = "";
			projectRoot = "";
			targets = (
				FAF8E3C81B9EE1D100F1FCDB /* GameOfThronesApp */,
				FAF8E3E11B9EE1D100F1FCDB /* GameOfThronesAppTests */,
			);
		};
/* End PBXProject section */

/* Begin PBXResourcesBuildPhase section */
		FAF8E3C71B9EE1D100F1FCDB /* Resources */ = {
			isa = PBXResourcesBuildPhase;
			buildActionMask = 2147483647;
			files = (
				FAF8E3D81B9EE1D100F1FCDB /* Main.storyboard in Resources */,
				FAF8E3DD1B9EE1D100F1FCDB /* LaunchScreen.xib in Resources */,
				FAF8E3DA1B9EE1D100F1FCDB /* Images.xcassets in Resources */,
			);
			runOnlyForDeploymentPostprocessing = 0;
		};
		FAF8E3E01B9EE1D100F1FCDB /* Resources */ = {
			isa = PBXResourcesBuildPhase;
			buildActionMask = 2147483647;
			files = (
			);
			runOnlyForDeploymentPostprocessing = 0;
		};
/* End PBXResourcesBuildPhase section */

/* Begin PBXSourcesBuildPhase section */
		FAF8E3C51B9EE1D100F1FCDB /* Sources */ = {
			isa = PBXSourcesBuildPhase;
			buildActionMask = 2147483647;
			files = (
				FAF8E3D51B9EE1D100F1FCDB /* ViewController.m in Sources */,
				FAF8E3D21B9EE1D100F1FCDB /* AppDelegate.m in Sources */,
				FAF8E3CF1B9EE1D100F1FCDB /* main.m in Sources */,
			);
			runOnlyForDeploymentPostprocessing = 0;
		};
		FAF8E3DE1B9EE1D100F1FCDB /* Sources */ = {
			isa = PBXSourcesBuildPhase;
			buildActionMask = 2147483647;
			files = (
				FAF8E3E91B9EE1D100F1FCDB /* GameOfThronesAppTests.m in Sources */,
			);
			runOnlyForDeploymentPostprocessing = 0;
		};
/* End PBXSourcesBuildPhase section */

/* Begin PBXTargetDependency section */
		FAF8E3E41B9EE1D100F1FCDB /* PBXTargetDependency */ = {
			isa = PBXTargetDependency;
			target = FAF8E3C81B9EE1D100F1FCDB /* GameOfThronesApp */;
			targetProxy = FAF8E3E31B9EE1D100F1FCDB /* PBXContainerItemProxy */;
		};
/* End PBXTargetDependency section */

/* Begin PBXVariantGroup section */
		FAF8E3D61B9EE1D100F1FCDB /* Main.storyboard */ = {
			isa = PBXVariantGroup;
			children = (
				FAF8E3D71B9EE1D100F1FCDB /* Base */,
			);
			name = Main.storyboard;
			sourceTree = "<group>";
		};
		FAF8E3DB1B9EE1D100F1FCDB /* LaunchScreen.xib */ = {
			isa = PBXVariantGroup;
			children = (
				FAF8E3DC1B9EE1D100F1FCDB /* Base */,
			);
			name = LaunchScreen.xib;
			sourceTree = "<group>";
		};
/* End PBXVariantGroup section */

/* Begin XCBuildConfiguration section */
		FAF8E3EA1B9EE1D100F1FCDB /* Debug */ = {
			isa = XCBuildConfiguration;
			buildSettings = {
				ALWAYS_SEARCH_USER_PATHS = NO;
				CLANG_CXX_LANGUAGE_STANDARD = "gnu++0x";
				CLANG_CXX_LIBRARY = "libc++";
				CLANG_ENABLE_MODULES = YES;
				CLANG_ENABLE_OBJC_ARC = YES;
				CLANG_WARN_BOOL_CONVERSION = YES;
				CLANG_WARN_CONSTANT_CONVERSION = YES;
				CLANG_WARN_DIRECT_OBJC_ISA_USAGE = YES_ERROR;
				CLANG_WARN_EMPTY_BODY = YES;
				CLANG_WARN_ENUM_CONVERSION = YES;
				CLANG_WARN_INT_CONVERSION = YES;
				CLANG_WARN_OBJC_ROOT_CLASS = YES_ERROR;
				CLANG_WARN_UNREACHABLE_CODE = YES;
				CLANG_WARN__DUPLICATE_METHOD_MATCH = YES;
				"CODE_SIGN_IDENTITY[sdk=iphoneos*]" = "iPhone Developer";
				COPY_PHASE_STRIP = NO;
				DEBUG_INFORMATION_FORMAT = "dwarf-with-dsym";
				ENABLE_STRICT_OBJC_MSGSEND = YES;
				GCC_C_LANGUAGE_STANDARD = gnu99;
				GCC_DYNAMIC_NO_PIC = NO;
				GCC_NO_COMMON_BLOCKS = YES;
				GCC_OPTIMIZATION_LEVEL = 0;
				GCC_PREPROCESSOR_DEFINITIONS = (
					"DEBUG=1",
					"$(inherited)",
				);
				GCC_SYMBOLS_PRIVATE_EXTERN = NO;
				GCC_WARN_64_TO_32_BIT_CONVERSION = YES;
				GCC_WARN_ABOUT_RETURN_TYPE = YES_ERROR;
				GCC_WARN_UNDECLARED_SELECTOR = YES;
				GCC_WARN_UNINITIALIZED_AUTOS = YES_AGGRESSIVE;
				GCC_WARN_UNUSED_FUNCTION = YES;
				GCC_WARN_UNUSED_VARIABLE = YES;
				IPHONEOS_DEPLOYMENT_TARGET = 8.4;
				MTL_ENABLE_DEBUG_INFO = YES;
				ONLY_ACTIVE_ARCH = YES;
				SDKROOT = iphoneos;
				TARGETED_DEVICE_FAMILY = "1,2";
			};
			name = Debug;
		};
		FAF8E3EB1B9EE1D100F1FCDB /* Release */ = {
			isa = XCBuildConfiguration;
			buildSettings = {
				ALWAYS_SEARCH_USER_PATHS = NO;
				CLANG_CXX_LANGUAGE_STANDARD = "gnu++0x";
				CLANG_CXX_LIBRARY = "libc++";
				CLANG_ENABLE_MODULES = YES;
				CLANG_ENABLE_OBJC_ARC = YES;
				CLANG_WARN_BOOL_CONVERSION = YES;
				CLANG_WARN_CONSTANT_CONVERSION = YES;
				CLANG_WARN_DIRECT_OBJC_ISA_USAGE = YES_ERROR;
				CLANG_WARN_EMPTY_BODY = YES;
				CLANG_WARN_ENUM_CONVERSION = YES;
				CLANG_WARN_INT_CONVERSION = YES;
				CLANG_WARN_OBJC_ROOT_CLASS = YES_ERROR;
				CLANG_WARN_UNREACHABLE_CODE = YES;
				CLANG_WARN__DUPLICATE_METHOD_MATCH = YES;
				"CODE_SIGN_IDENTITY[sdk=iphoneos*]" = "iPhone Developer";
				COPY_PHASE_STRIP = NO;
				DEBUG_INFORMATION_FORMAT = "dwarf-with-dsym";
				ENABLE_NS_ASSERTIONS = NO;
				ENABLE_STRICT_OBJC_MSGSEND = YES;
				GCC_C_LANGUAGE_STANDARD = gnu99;
				GCC_NO_COMMON_BLOCKS = YES;
				GCC_WARN_64_TO_32_BIT_CONVERSION = YES;
				GCC_WARN_ABOUT_RETURN_TYPE = YES_ERROR;
				GCC_WARN_UNDECLARED_SELECTOR = YES;
				GCC_WARN_UNINITIALIZED_AUTOS = YES_AGGRESSIVE;
				GCC_WARN_UNUSED_FUNCTION = YES;
				GCC_WARN_UNUSED_VARIABLE = YES;
				IPHONEOS_DEPLOYMENT_TARGET = 8.4;
				MTL_ENABLE_DEBUG_INFO = NO;
				SDKROOT = iphoneos;
				TARGETED_DEVICE_FAMILY = "1,2";
				VALIDATE_PRODUCT = YES;
			};
			name = Release;
		};
		FAF8E3ED1B9EE1D100F1FCDB /* Debug */ = {
			isa = XCBuildConfiguration;
			buildSettings = {
				ASSETCATALOG_COMPILER_APPICON_NAME = AppIcon;
				INFOPLIST_FILE = GameOfThronesApp/Info.plist;
				LD_RUNPATH_SEARCH_PATHS = "$(inherited) @executable_path/Frameworks";
				PRODUCT_NAME = "$(TARGET_NAME)";
			};
			name = Debug;
		};
		FAF8E3EE1B9EE1D100F1FCDB /* Release */ = {
			isa = XCBuildConfiguration;
			buildSettings = {
				ASSETCATALOG_COMPILER_APPICON_NAME = AppIcon;
				INFOPLIST_FILE = GameOfThronesApp/Info.plist;
				LD_RUNPATH_SEARCH_PATHS = "$(inherited) @executable_path/Frameworks";
				PRODUCT_NAME = "$(TARGET_NAME)";
			};
			name = Release;
		};
		FAF8E3F01B9EE1D100F1FCDB /* Debug */ = {
			isa = XCBuildConfiguration;
			buildSettings = {
				BUNDLE_LOADER = "$(TEST_HOST)";
				FRAMEWORK_SEARCH_PATHS = (
					"$(SDKROOT)/Developer/Library/Frameworks",
					"$(inherited)",
				);
				GCC_PREPROCESSOR_DEFINITIONS = (
					"DEBUG=1",
					"$(inherited)",
				);
				INFOPLIST_FILE = GameOfThronesAppTests/Info.plist;
				LD_RUNPATH_SEARCH_PATHS = "$(inherited) @executable_path/Frameworks @loader_path/Frameworks";
				PRODUCT_NAME = "$(TARGET_NAME)";
				TEST_HOST = "$(BUILT_PRODUCTS_DIR)/GameOfThronesApp.app/GameOfThronesApp";
			};
			name = Debug;
		};
		FAF8E3F11B9EE1D100F1FCDB /* Release */ = {
			isa = XCBuildConfiguration;
			buildSettings = {
				BUNDLE_LOADER = "$(TEST_HOST)";
				FRAMEWORK_SEARCH_PATHS = (
					"$(SDKROOT)/Developer/Library/Frameworks",
					"$(inherited)",
				);
				INFOPLIST_FILE = GameOfThronesAppTests/Info.plist;
				LD_RUNPATH_SEARCH_PATHS = "$(inherited) @executable_path/Frameworks @loader_path/Frameworks";
				PRODUCT_NAME = "$(TARGET_NAME)";
				TEST_HOST = "$(BUILT_PRODUCTS_DIR)/GameOfThronesApp.app/GameOfThronesApp";
			};
			name = Release;
		};
/* End XCBuildConfiguration section */

/* Begin XCConfigurationList section */
		FAF8E3C41B9EE1D100F1FCDB /* Build configuration list for PBXProject "GameOfThronesApp" */ = {
			isa = XCConfigurationList;
			buildConfigurations = (
				FAF8E3EA1B9EE1D100F1FCDB /* Debug */,
				FAF8E3EB1B9EE1D100F1FCDB /* Release */,
			);
			defaultConfigurationIsVisible = 0;
			defaultConfigurationName = Release;
		};
		FAF8E3EC1B9EE1D100F1FCDB /* Build configuration list for PBXNativeTarget "GameOfThronesApp" */ = {
			isa = XCConfigurationList;
			buildConfigurations = (
				FAF8E3ED1B9EE1D100F1FCDB /* Debug */,
				FAF8E3EE1B9EE1D100F1FCDB /* Release */,
			);
			defaultConfigurationIsVisible = 0;
		};
		FAF8E3EF1B9EE1D100F1FCDB /* Build configuration list for PBXNativeTarget "GameOfThronesAppTests" */ = {
			isa = XCConfigurationList;
			buildConfigurations = (
				FAF8E3F01B9EE1D100F1FCDB /* Debug */,
				FAF8E3F11B9EE1D100F1FCDB /* Release */,
			);
			defaultConfigurationIsVisible = 0;
		};
/* End XCConfigurationList section */
	};
	rootObject = FAF8E3C11B9EE1D100F1FCDB /* Project object */;
}
